
Microsoft Visual Studio Solution File, Format Version 12.00
# Visual Studio Version 16
VisualStudioVersion = 16.0.31729.503
MinimumVisualStudioVersion = 10.0.40219.1
Project("{FAE04EC0-301F-11D3-BF4B-00C04F79EFBC}") = "PW12", "PW12\PW12.csproj", "{B2C73D91-BAF9-4DD2-9EED-2029E927ADF4}"
EndProject
Project("{FAE04EC0-301F-11D3-BF4B-00C04F79EFBC}") = "CirclesAndYearsLibrary", "CirclesAndYearsLibrary\CirclesAndYearsLibrary.csproj", "{2951456F-DAA4-4265-9EB5-4D481B783163}"
EndProject
Global
	GlobalSection(SolutionConfigurationPlatforms) = preSolution
		Debug|Any CPU = Debug|Any CPU
		Release|Any CPU = Release|Any CPU
	EndGlobalSection
	GlobalSection(ProjectConfigurationPlatforms) = postSolution
		{B2C73D91-BAF9-4DD2-9EED-2029E927ADF4}.Debug|Any CPU.ActiveCfg = Debug|Any CPU
		{B2C73D91-BAF9-4DD2-9EED-2029E927ADF4}.Debug|Any CPU.Build.0 = Debug|Any CPU
		{B2C73D91-BAF9-4DD2-9EED-2029E927ADF4}.Release|Any CPU.ActiveCfg = Release|Any CPU
		{B2C73D91-BAF9-4DD2-9EED-2029E927ADF4}.Release|Any CPU.Build.0 = Release|Any CPU
		{2951456F-DAA4-4265-9EB5-4D481B783163}.Debug|Any CPU.ActiveCfg = Debug|Any CPU
		{2951456F-DAA4-4265-9EB5-4D481B783163}.Debug|Any CPU.Build.0 = Debug|Any CPU
		{2951456F-DAA4-4265-9EB5-4D481B783163}.Release|Any CPU.ActiveCfg = Release|Any CPU
		{2951456F-DAA4-4265-9EB5-4D481B783163}.Release|Any CPU.Build.0 = Release|Any CPU
	EndGlobalSection
	GlobalSection(SolutionProperties) = preSolution
		HideSolutionNode = FALSE
	EndGlobalSection
	GlobalSection(ExtensibilityGlobals) = postSolution
		SolutionGuid = {468128C1-0CC6-4BB8-89FB-90007A30937B}
	EndGlobalSection
EndGlobal
